github.com/henryfool91/pet-sso-protos v0.0.0-20260114191540-81a0d93b9014 h1:FYY7OhjUGVrNZn70szpMjAx71wEW5EFdyH/UyDFKWSk=
github.com/henryfool91/pet-sso-protos v0.0.0-20260114191540-81a0d93b9014/go.mod h1:9jlLsETUfv3gvqc7ZsssvOSBcvttBt8zL5FG1VDEqoY=
github.com/henryfool91/pet-sso-protos v0.0.1 h1:TVfMJ6P9YY3ZcRLk5c3yfwd3mRX/meivhIQhGC7MkJ4=
github.com/henryfool91/pet-sso-protos v0.0.1/go.mod h1:9jlLsETUfv3gvqc7ZsssvOSBcvttBt8zL5FG1VDEqoY=
